
Microsoft Visual Studio Solution File, Format Version 12.00
# Visual Studio Version 16
VisualStudioVersion = 16.0.29123.88
MinimumVisualStudioVersion = 10.0.40219.1
Project("{9A19103F-16F7-4668-BE54-9A1E7A4F7556}") = "TestFeatureFlags", "TestFeatureFlags.csproj", "{053A4B7F-8712-4354-AD95-4F80A2148934}"
EndProject
Global
	GlobalSection(SolutionConfigurationPlatforms) = preSolution
		Debug|Any CPU = Debug|Any CPU
		Release|Any CPU = Release|Any CPU
	EndGlobalSection
	GlobalSection(ProjectConfigurationPlatforms) = postSolution
		{053A4B7F-8712-4354-AD95-4F80A2148934}.Debug|Any CPU.ActiveCfg = Debug|Any CPU
		{053A4B7F-8712-4354-AD95-4F80A2148934}.Debug|Any CPU.Build.0 = Debug|Any CPU
		{053A4B7F-8712-4354-AD95-4F80A2148934}.Release|Any CPU.ActiveCfg = Release|Any CPU
		{053A4B7F-8712-4354-AD95-4F80A2148934}.Release|Any CPU.Build.0 = Release|Any CPU
	EndGlobalSection
	GlobalSection(SolutionProperties) = preSolution
		HideSolutionNode = FALSE
	EndGlobalSection
	GlobalSection(ExtensibilityGlobals) = postSolution
		SolutionGuid = {89764D1C-1318-4BE4-BAAB-233DA2F25B18}
	EndGlobalSection
EndGlobal
